
Microsoft Visual Studio Solution File, Format Version 12.00
# Visual Studio Version 17
VisualStudioVersion = 17.1.32210.238
MinimumVisualStudioVersion = 10.0.40219.1
Project("{FAE04EC0-301F-11D3-BF4B-00C04F79EFBC}") = "MovieApp", "MovieApp.csproj", "{B6FD5AFA-6E70-4EEC-85BE-3FB3E6928E17}"
EndProject
Global
	GlobalSection(SolutionConfigurationPlatforms) = preSolution
		Debug|Any CPU = Debug|Any CPU
		Release|Any CPU = Release|Any CPU
	EndGlobalSection
	GlobalSection(ProjectConfigurationPlatforms) = postSolution
		{B6FD5AFA-6E70-4EEC-85BE-3FB3E6928E17}.Debug|Any CPU.ActiveCfg = Debug|Any CPU
		{B6FD5AFA-6E70-4EEC-85BE-3FB3E6928E17}.Debug|Any CPU.Build.0 = Debug|Any CPU
		{B6FD5AFA-6E70-4EEC-85BE-3FB3E6928E17}.Release|Any CPU.ActiveCfg = Release|Any CPU
		{B6FD5AFA-6E70-4EEC-85BE-3FB3E6928E17}.Release|Any CPU.Build.0 = Release|Any CPU
	EndGlobalSection
	GlobalSection(SolutionProperties) = preSolution
		HideSolutionNode = FALSE
	EndGlobalSection
	GlobalSection(ExtensibilityGlobals) = postSolution
		SolutionGuid = {463AEBAD-4A4E-4046-A8A5-7B09BB0A6617}
	EndGlobalSection
EndGlobal
