
Microsoft Visual Studio Solution File, Format Version 12.00
# Visual Studio Version 17
VisualStudioVersion = 17.0.32112.339
MinimumVisualStudioVersion = 10.0.40219.1
Project("{FAE04EC0-301F-11D3-BF4B-00C04F79EFBC}") = "MegaDesk-Pomazal", "MegaDesk-Pomazal\MegaDesk-Pomazal.csproj", "{6348A73E-188A-4B20-A9DF-64C1D4663C41}"
EndProject
Global
	GlobalSection(SolutionConfigurationPlatforms) = preSolution
		Debug|Any CPU = Debug|Any CPU
		Release|Any CPU = Release|Any CPU
	EndGlobalSection
	GlobalSection(ProjectConfigurationPlatforms) = postSolution
		{6348A73E-188A-4B20-A9DF-64C1D4663C41}.Debug|Any CPU.ActiveCfg = Debug|Any CPU
		{6348A73E-188A-4B20-A9DF-64C1D4663C41}.Debug|Any CPU.Build.0 = Debug|Any CPU
		{6348A73E-188A-4B20-A9DF-64C1D4663C41}.Release|Any CPU.ActiveCfg = Release|Any CPU
		{6348A73E-188A-4B20-A9DF-64C1D4663C41}.Release|Any CPU.Build.0 = Release|Any CPU
	EndGlobalSection
	GlobalSection(SolutionProperties) = preSolution
		HideSolutionNode = FALSE
	EndGlobalSection
	GlobalSection(ExtensibilityGlobals) = postSolution
		SolutionGuid = {63D56F34-9F79-4415-9DD3-635C6ABB834C}
	EndGlobalSection
EndGlobal
