
Microsoft Visual Studio Solution File, Format Version 12.00
# Visual Studio Version 17
VisualStudioVersion = 17.1.32228.430
MinimumVisualStudioVersion = 10.0.40219.1
Project("{FAE04EC0-301F-11D3-BF4B-00C04F79EFBC}") = "Notes.Android", "Notes\Notes.Android\Notes.Android.csproj", "{A7DFBC36-32E8-43FE-BC7A-E09BEF46508C}"
EndProject
Project("{FAE04EC0-301F-11D3-BF4B-00C04F79EFBC}") = "Notes.iOS", "Notes\Notes.iOS\Notes.iOS.csproj", "{16F190FC-D0C5-446E-BC1E-1AEF17FE28A2}"
EndProject
Project("{FAE04EC0-301F-11D3-BF4B-00C04F79EFBC}") = "Notes", "Notes\Notes\Notes.csproj", "{E7784712-D19E-4F5B-8697-96E168DD5B7C}"
EndProject
Global
	GlobalSection(SolutionConfigurationPlatforms) = preSolution
		Debug|Any CPU = Debug|Any CPU
		Debug|iPhone = Debug|iPhone
		Debug|iPhoneSimulator = Debug|iPhoneSimulator
		Release|Any CPU = Release|Any CPU
		Release|iPhone = Release|iPhone
		Release|iPhoneSimulator = Release|iPhoneSimulator
	EndGlobalSection
	GlobalSection(ProjectConfigurationPlatforms) = postSolution
		{A7DFBC36-32E8-43FE-BC7A-E09BEF46508C}.Debug|Any CPU.ActiveCfg = Debug|Any CPU
		{A7DFBC36-32E8-43FE-BC7A-E09BEF46508C}.Debug|Any CPU.Build.0 = Debug|Any CPU
		{A7DFBC36-32E8-43FE-BC7A-E09BEF46508C}.Debug|Any CPU.Deploy.0 = Debug|Any CPU
		{A7DFBC36-32E8-43FE-BC7A-E09BEF46508C}.Debug|iPhone.ActiveCfg = Debug|Any CPU
		{A7DFBC36-32E8-43FE-BC7A-E09BEF46508C}.Debug|iPhone.Build.0 = Debug|Any CPU
		{A7DFBC36-32E8-43FE-BC7A-E09BEF46508C}.Debug|iPhone.Deploy.0 = Debug|Any CPU
		{A7DFBC36-32E8-43FE-BC7A-E09BEF46508C}.Debug|iPhoneSimulator.ActiveCfg = Debug|Any CPU
		{A7DFBC36-32E8-43FE-BC7A-E09BEF46508C}.Debug|iPhoneSimulator.Build.0 = Debug|Any CPU
		{A7DFBC36-32E8-43FE-BC7A-E09BEF46508C}.Debug|iPhoneSimulator.Deploy.0 = Debug|Any CPU
		{A7DFBC36-32E8-43FE-BC7A-E09BEF46508C}.Release|Any CPU.ActiveCfg = Release|Any CPU
		{A7DFBC36-32E8-43FE-BC7A-E09BEF46508C}.Release|Any CPU.Build.0 = Release|Any CPU
		{A7DFBC36-32E8-43FE-BC7A-E09BEF46508C}.Release|Any CPU.Deploy.0 = Release|Any CPU
		{A7DFBC36-32E8-43FE-BC7A-E09BEF46508C}.Release|iPhone.ActiveCfg = Release|Any CPU
		{A7DFBC36-32E8-43FE-BC7A-E09BEF46508C}.Release|iPhone.Build.0 = Release|Any CPU
		{A7DFBC36-32E8-43FE-BC7A-E09BEF46508C}.Release|iPhone.Deploy.0 = Release|Any CPU
		{A7DFBC36-32E8-43FE-BC7A-E09BEF46508C}.Release|iPhoneSimulator.ActiveCfg = Release|Any CPU
		{A7DFBC36-32E8-43FE-BC7A-E09BEF46508C}.Release|iPhoneSimulator.Build.0 = Release|Any CPU
		{A7DFBC36-32E8-43FE-BC7A-E09BEF46508C}.Release|iPhoneSimulator.Deploy.0 = Release|Any CPU
		{16F190FC-D0C5-446E-BC1E-1AEF17FE28A2}.Debug|Any CPU.ActiveCfg = Debug|iPhone
		{16F190FC-D0C5-446E-BC1E-1AEF17FE28A2}.Debug|Any CPU.Build.0 = Debug|iPhone
		{16F190FC-D0C5-446E-BC1E-1AEF17FE28A2}.Debug|Any CPU.Deploy.0 = Debug|iPhone
		{16F190FC-D0C5-446E-BC1E-1AEF17FE28A2}.Debug|iPhone.ActiveCfg = Debug|iPhone
		{16F190FC-D0C5-446E-BC1E-1AEF17FE28A2}.Debug|iPhone.Build.0 = Debug|iPhone
		{16F190FC-D0C5-446E-BC1E-1AEF17FE28A2}.Debug|iPhone.Deploy.0 = Debug|iPhone
		{16F190FC-D0C5-446E-BC1E-1AEF17FE28A2}.Debug|iPhoneSimulator.ActiveCfg = Debug|iPhoneSimulator
		{16F190FC-D0C5-446E-BC1E-1AEF17FE28A2}.Debug|iPhoneSimulator.Build.0 = Debug|iPhoneSimulator
		{16F190FC-D0C5-446E-BC1E-1AEF17FE28A2}.Debug|iPhoneSimulator.Deploy.0 = Debug|iPhoneSimulator
		{16F190FC-D0C5-446E-BC1E-1AEF17FE28A2}.Release|Any CPU.ActiveCfg = Release|iPhoneSimulator
		{16F190FC-D0C5-446E-BC1E-1AEF17FE28A2}.Release|Any CPU.Build.0 = Release|iPhoneSimulator
		{16F190FC-D0C5-446E-BC1E-1AEF17FE28A2}.Release|Any CPU.Deploy.0 = Release|iPhoneSimulator
		{16F190FC-D0C5-446E-BC1E-1AEF17FE28A2}.Release|iPhone.ActiveCfg = Release|iPhone
		{16F190FC-D0C5-446E-BC1E-1AEF17FE28A2}.Release|iPhone.Build.0 = Release|iPhone
		{16F190FC-D0C5-446E-BC1E-1AEF17FE28A2}.Release|iPhone.Deploy.0 = Release|iPhone
		{16F190FC-D0C5-446E-BC1E-1AEF17FE28A2}.Release|iPhoneSimulator.ActiveCfg = Release|iPhoneSimulator
		{16F190FC-D0C5-446E-BC1E-1AEF17FE28A2}.Release|iPhoneSimulator.Build.0 = Release|iPhoneSimulator
		{16F190FC-D0C5-446E-BC1E-1AEF17FE28A2}.Release|iPhoneSimulator.Deploy.0 = Release|iPhoneSimulator
		{E7784712-D19E-4F5B-8697-96E168DD5B7C}.Debug|Any CPU.ActiveCfg = Debug|Any CPU
		{E7784712-D19E-4F5B-8697-96E168DD5B7C}.Debug|Any CPU.Build.0 = Debug|Any CPU
		{E7784712-D19E-4F5B-8697-96E168DD5B7C}.Debug|Any CPU.Deploy.0 = Debug|Any CPU
		{E7784712-D19E-4F5B-8697-96E168DD5B7C}.Debug|iPhone.ActiveCfg = Debug|Any CPU
		{E7784712-D19E-4F5B-8697-96E168DD5B7C}.Debug|iPhone.Build.0 = Debug|Any CPU
		{E7784712-D19E-4F5B-8697-96E168DD5B7C}.Debug|iPhone.Deploy.0 = Debug|Any CPU
		{E7784712-D19E-4F5B-8697-96E168DD5B7C}.Debug|iPhoneSimulator.ActiveCfg = Debug|Any CPU
		{E7784712-D19E-4F5B-8697-96E168DD5B7C}.Debug|iPhoneSimulator.Build.0 = Debug|Any CPU
		{E7784712-D19E-4F5B-8697-96E168DD5B7C}.Debug|iPhoneSimulator.Deploy.0 = Debug|Any CPU
		{E7784712-D19E-4F5B-8697-96E168DD5B7C}.Release|Any CPU.ActiveCfg = Release|Any CPU
		{E7784712-D19E-4F5B-8697-96E168DD5B7C}.Release|Any CPU.Build.0 = Release|Any CPU
		{E7784712-D19E-4F5B-8697-96E168DD5B7C}.Release|Any CPU.Deploy.0 = Release|Any CPU
		{E7784712-D19E-4F5B-8697-96E168DD5B7C}.Release|iPhone.ActiveCfg = Release|Any CPU
		{E7784712-D19E-4F5B-8697-96E168DD5B7C}.Release|iPhone.Build.0 = Release|Any CPU
		{E7784712-D19E-4F5B-8697-96E168DD5B7C}.Release|iPhone.Deploy.0 = Release|Any CPU
		{E7784712-D19E-4F5B-8697-96E168DD5B7C}.Release|iPhoneSimulator.ActiveCfg = Release|Any CPU
		{E7784712-D19E-4F5B-8697-96E168DD5B7C}.Release|iPhoneSimulator.Build.0 = Release|Any CPU
		{E7784712-D19E-4F5B-8697-96E168DD5B7C}.Release|iPhoneSimulator.Deploy.0 = Release|Any CPU
	EndGlobalSection
	GlobalSection(SolutionProperties) = preSolution
		HideSolutionNode = FALSE
	EndGlobalSection
	GlobalSection(ExtensibilityGlobals) = postSolution
		SolutionGuid = {BCEB7670-6BC8-46D9-8760-9B0896E739D7}
	EndGlobalSection
EndGlobal
